# This file is autogenerated, do not edit; changes may be undone by the next 'dep ensure'.


[[projects]]
  name = "github.com/go-ini/ini"
  packages = ["."]
  revision = "6529cf7c58879c08d927016dde4477f18a0634cb"
  version = "v1.36.0"

[[projects]]
  name = "github.com/go-resty/resty"
  packages = ["."]
  revision = "f8815663de1e64d57cdd4ee9e2b2fa96977a030e"
  version = "v1.4"

[[projects]]
  name = "github.com/gorilla/context"
  packages = ["."]
  revision = "1ea25387ff6f684839d82767c1733ff4d4d15d0a"
  version = "v1.1"

[[projects]]
  name = "github.com/gorilla/mux"
  packages = ["."]
  revision = "53c1911da2b537f792e7cafcb446b05ffe33b996"
  version = "v1.6.1"

[[projects]]
  name = "github.com/ory/hydra"
  packages = [
    "sdk/go/hydra",
    "sdk/go/hydra/swagger"
  ]
  revision = "f6ddee8f9a2d65dfa6c02adc402c1a61fa03d4a0"
  version = "v0.11.12"

[[projects]]
  name = "github.com/pkg/errors"
  packages = ["."]
  revision = "645ef00459ed84a119197bfb8d8205042c6df63d"
  version = "v0.8.0"

[[projects]]
  name = "github.com/urfave/negroni"
  packages = ["."]
  revision = "5dbbc83f748fc3ad38585842b0aedab546d0ea1e"
  version = "v0.3.0"

[solve-meta]
  analyzer-name = "dep"
  analyzer-version = 1
  inputs-digest = "334a26fd3b6f27256b20f75cc14e51d9ea5a289e172010d1260c361cdc1153d7"
  solver-name = "gps-cdcl"
  solver-version = 1
